{
  "version": 4,
  "terraform_version": "1.3.4",
  "serial": 238,
  "lineage": "bd088b3e-522c-8272-6eee-53fc64e63e4a",
  "outputs": {
    "external_ip_address_manager": {
      "value": [
        [
          "51.250.83.62"
        ]
      ],
      "type": [
        "tuple",
        [
          [
            "tuple",
            [
              "string"
            ]
          ]
        ]
      ]
    },
    "external_ip_address_worker": {
      "value": [
        [
          "51.250.2.8",
          "130.193.37.253"
        ]
      ],
      "type": [
        "tuple",
        [
          [
            "tuple",
            [
              "string",
              "string"
            ]
          ]
        ]
      ]
    }
  },
  "resources": [
    {
      "mode": "managed",
      "type": "yandex_vpc_network",
      "name": "network",
      "provider": "provider[\"registry.terraform.io/yandex-cloud/yandex\"]",
      "instances": [
        {
          "schema_version": 0,
          "attributes": {
            "created_at": "2023-02-27T17:58:22Z",
            "default_security_group_id": "",
            "description": "",
            "folder_id": "b1g2dbf4td7db1lu2hmr",
            "id": "enpd423pp5m6vptqi4gd",
            "labels": {},
            "name": "swarm-network",
            "subnet_ids": [
              "e9bkuav5tott9rjaquqb"
            ],
            "timeouts": null
          },
          "sensitive_attributes": [],
          "private": "eyJlMmJmYjczMC1lY2FhLTExZTYtOGY4OC0zNDM2M2JjN2M0YzAiOnsiY3JlYXRlIjo2MDAwMDAwMDAwMCwiZGVsZXRlIjo2MDAwMDAwMDAwMCwidXBkYXRlIjo2MDAwMDAwMDAwMH19"
        }
      ]
    },
    {
      "mode": "managed",
      "type": "yandex_vpc_subnet",
      "name": "subnet",
      "provider": "provider[\"registry.terraform.io/yandex-cloud/yandex\"]",
      "instances": [
        {
          "schema_version": 0,
          "attributes": {
            "created_at": "2023-02-27T17:58:24Z",
            "description": "",
            "dhcp_options": [],
            "folder_id": "b1g2dbf4td7db1lu2hmr",
            "id": "e9bkuav5tott9rjaquqb",
            "labels": {},
            "name": "subnet1",
            "network_id": "enpd423pp5m6vptqi4gd",
            "route_table_id": "",
            "timeouts": null,
            "v4_cidr_blocks": [
              "192.168.10.0/24"
            ],
            "v6_cidr_blocks": [],
            "zone": "ru-central1-a"
          },
          "sensitive_attributes": [],
          "private": "eyJlMmJmYjczMC1lY2FhLTExZTYtOGY4OC0zNDM2M2JjN2M0YzAiOnsiY3JlYXRlIjoxODAwMDAwMDAwMDAsImRlbGV0ZSI6MTgwMDAwMDAwMDAwLCJ1cGRhdGUiOjE4MDAwMDAwMDAwMH19",
          "dependencies": [
            "yandex_vpc_network.network"
          ]
        }
      ]
    },
    {
      "module": "module.swarm_cluster",
      "mode": "data",
      "type": "yandex_compute_image",
      "name": "my_image",
      "provider": "provider[\"registry.terraform.io/yandex-cloud/yandex\"]",
      "instances": [
        {
          "schema_version": 0,
          "attributes": {
            "created_at": "2023-01-30T10:49:58Z",
            "description": "ubuntu 20.04 lts",
            "family": "ubuntu-2004-lts",
            "folder_id": "standard-images",
            "id": "fd8snjpoq85qqv0mk9gi",
            "image_id": "fd8snjpoq85qqv0mk9gi",
            "labels": {},
            "min_disk_size": 5,
            "name": "ubuntu-20-04-lts-v20230130",
            "os_type": "linux",
            "pooled": true,
            "product_ids": [
              "f2eb05obffng2supgqli"
            ],
            "size": 3,
            "status": "ready"
          },
          "sensitive_attributes": []
        }
      ]
    },
    {
      "module": "module.swarm_cluster",
      "mode": "managed",
      "type": "null_resource",
      "name": "docker-swarm-manager",
      "provider": "provider[\"registry.terraform.io/hashicorp/null\"]",
      "instances": [
        {
          "index_key": 0,
          "schema_version": 0,
          "attributes": {
            "id": "1999669558",
            "triggers": null
          },
          "sensitive_attributes": [],
          "dependencies": [
            "module.swarm_cluster.data.yandex_compute_image.my_image",
            "module.swarm_cluster.yandex_compute_instance.vm-manager",
            "yandex_vpc_network.network",
            "yandex_vpc_subnet.subnet"
          ]
        }
      ]
    },
    {
      "module": "module.swarm_cluster",
      "mode": "managed",
      "type": "null_resource",
      "name": "docker-swarm-manager-join",
      "provider": "provider[\"registry.terraform.io/hashicorp/null\"]",
      "instances": [
        {
          "index_key": 0,
          "schema_version": 0,
          "attributes": {
            "id": "949326849",
            "triggers": null
          },
          "sensitive_attributes": [],
          "dependencies": [
            "module.swarm_cluster.data.yandex_compute_image.my_image",
            "module.swarm_cluster.null_resource.docker-swarm-manager",
            "module.swarm_cluster.yandex_compute_instance.vm-manager",
            "yandex_vpc_network.network",
            "yandex_vpc_subnet.subnet"
          ]
        }
      ]
    },
    {
      "module": "module.swarm_cluster",
      "mode": "managed",
      "type": "null_resource",
      "name": "docker-swarm-manager-start",
      "provider": "provider[\"registry.terraform.io/hashicorp/null\"]",
      "instances": [
        {
          "status": "tainted",
          "schema_version": 0,
          "attributes": {
            "id": "691834783",
            "triggers": null
          },
          "sensitive_attributes": [],
          "dependencies": [
            "module.swarm_cluster.null_resource.docker-swarm-manager-join",
            "module.swarm_cluster.yandex_compute_instance.vm-manager"
          ]
        }
      ]
    },
    {
      "module": "module.swarm_cluster",
      "mode": "managed",
      "type": "null_resource",
      "name": "docker-swarm-worker",
      "provider": "provider[\"registry.terraform.io/hashicorp/null\"]",
      "instances": [
        {
          "index_key": 0,
          "schema_version": 0,
          "attributes": {
            "id": "179244517",
            "triggers": null
          },
          "sensitive_attributes": [],
          "dependencies": [
            "module.swarm_cluster.data.yandex_compute_image.my_image",
            "module.swarm_cluster.null_resource.docker-swarm-manager",
            "module.swarm_cluster.null_resource.docker-swarm-manager-join",
            "module.swarm_cluster.yandex_compute_instance.vm-manager",
            "module.swarm_cluster.yandex_compute_instance.vm-worker",
            "yandex_vpc_network.network",
            "yandex_vpc_subnet.subnet"
          ]
        },
        {
          "index_key": 1,
          "schema_version": 0,
          "attributes": {
            "id": "1639656463",
            "triggers": null
          },
          "sensitive_attributes": [],
          "dependencies": [
            "module.swarm_cluster.data.yandex_compute_image.my_image",
            "module.swarm_cluster.null_resource.docker-swarm-manager",
            "module.swarm_cluster.null_resource.docker-swarm-manager-join",
            "module.swarm_cluster.yandex_compute_instance.vm-manager",
            "module.swarm_cluster.yandex_compute_instance.vm-worker",
            "yandex_vpc_network.network",
            "yandex_vpc_subnet.subnet"
          ]
        }
      ]
    },
    {
      "module": "module.swarm_cluster",
      "mode": "managed",
      "type": "yandex_compute_instance",
      "name": "vm-manager",
      "provider": "provider[\"registry.terraform.io/yandex-cloud/yandex\"]",
      "instances": [
        {
          "index_key": 0,
          "schema_version": 1,
          "attributes": {
            "allow_recreate": null,
            "allow_stopping_for_update": null,
            "boot_disk": [
              {
                "auto_delete": true,
                "device_name": "fhmahkmoif4h9l4vv5c0",
                "disk_id": "fhmahkmoif4h9l4vv5c0",
                "initialize_params": [
                  {
                    "block_size": 4096,
                    "description": "",
                    "image_id": "fd8snjpoq85qqv0mk9gi",
                    "name": "",
                    "size": 15,
                    "snapshot_id": "",
                    "type": "network-hdd"
                  }
                ],
                "mode": "READ_WRITE"
              }
            ],
            "created_at": "2023-02-27T17:58:26Z",
            "description": "",
            "folder_id": "b1g2dbf4td7db1lu2hmr",
            "fqdn": "manager-0.ru-central1.internal",
            "hostname": "manager-0",
            "id": "fhmbpk2mh7c95u135t1t",
            "labels": {},
            "local_disk": [],
            "metadata": {
              "ssh-keys": "ubuntu:ssh-rsa AAAAB3NzaC1yc2EAAAADAQABAAABAQDLKQI1JNpoTuaPx/Yzz3r/gKGc692kbfy2wioKKRBW4ikelVkMtkGFCjBN3fbgOYIAS7orl7HGCJpHc0sfjmDwQAxr6JR3bxJbpzXu8gvL71EnEeSo1odV/hBTFXiQQilwVgsSWU41VHah8XVgo6U9Kvdfojqhq9UQPCuC1bgURhrGPfetAMncgY1G/GaaM5YuqAQ/OWmywX6dNp9INJQR56bDs9z2lqYpxVkF0HzlR//3XsSO2Q4fjqS3pSzMNwsvWJqp50K3mcDLz4GGjuHWm8dBAqvoiqlBJfINltpSK/VG+y40xzTz6fZKyBkUj4UQ6y8r9gt5bZ0FcIBIqIlh kaluzhskikh.v@gmail.com"
            },
            "name": "ci-sockshop-docker-swarm-manager-0",
            "network_acceleration_type": "standard",
            "network_interface": [
              {
                "dns_record": [],
                "index": 0,
                "ip_address": "192.168.10.35",
                "ipv4": true,
                "ipv6": false,
                "ipv6_address": "",
                "ipv6_dns_record": [],
                "mac_address": "d0:0d:bc:d0:56:89",
                "nat": true,
                "nat_dns_record": [],
                "nat_ip_address": "51.250.83.62",
                "nat_ip_version": "IPV4",
                "security_group_ids": [],
                "subnet_id": "e9bkuav5tott9rjaquqb"
              }
            ],
            "placement_policy": [
              {
                "host_affinity_rules": [],
                "placement_group_id": ""
              }
            ],
            "platform_id": "standard-v1",
            "resources": [
              {
                "core_fraction": 100,
                "cores": 2,
                "gpus": 0,
                "memory": 2
              }
            ],
            "scheduling_policy": [
              {
                "preemptible": false
              }
            ],
            "secondary_disk": [],
            "service_account_id": "",
            "status": "running",
            "timeouts": null,
            "zone": "ru-central1-a"
          },
          "sensitive_attributes": [],
          "private": "eyJlMmJmYjczMC1lY2FhLTExZTYtOGY4OC0zNDM2M2JjN2M0YzAiOnsiY3JlYXRlIjozMDAwMDAwMDAwMDAsImRlbGV0ZSI6MzAwMDAwMDAwMDAwLCJ1cGRhdGUiOjMwMDAwMDAwMDAwMH0sInNjaGVtYV92ZXJzaW9uIjoiMSJ9",
          "dependencies": [
            "module.swarm_cluster.data.yandex_compute_image.my_image",
            "yandex_vpc_network.network",
            "yandex_vpc_subnet.subnet"
          ]
        }
      ]
    },
    {
      "module": "module.swarm_cluster",
      "mode": "managed",
      "type": "yandex_compute_instance",
      "name": "vm-worker",
      "provider": "provider[\"registry.terraform.io/yandex-cloud/yandex\"]",
      "instances": [
        {
          "index_key": 0,
          "schema_version": 1,
          "attributes": {
            "allow_recreate": null,
            "allow_stopping_for_update": null,
            "boot_disk": [
              {
                "auto_delete": true,
                "device_name": "fhm8anmi8dvsss7qnble",
                "disk_id": "fhm8anmi8dvsss7qnble",
                "initialize_params": [
                  {
                    "block_size": 4096,
                    "description": "",
                    "image_id": "fd8snjpoq85qqv0mk9gi",
                    "name": "",
                    "size": 15,
                    "snapshot_id": "",
                    "type": "network-hdd"
                  }
                ],
                "mode": "READ_WRITE"
              }
            ],
            "created_at": "2023-02-27T17:58:26Z",
            "description": "",
            "folder_id": "b1g2dbf4td7db1lu2hmr",
            "fqdn": "worker-0.ru-central1.internal",
            "hostname": "worker-0",
            "id": "fhmutph044pj4154nke4",
            "labels": {},
            "local_disk": [],
            "metadata": {
              "ssh-keys": "ubuntu:ssh-rsa AAAAB3NzaC1yc2EAAAADAQABAAABAQDLKQI1JNpoTuaPx/Yzz3r/gKGc692kbfy2wioKKRBW4ikelVkMtkGFCjBN3fbgOYIAS7orl7HGCJpHc0sfjmDwQAxr6JR3bxJbpzXu8gvL71EnEeSo1odV/hBTFXiQQilwVgsSWU41VHah8XVgo6U9Kvdfojqhq9UQPCuC1bgURhrGPfetAMncgY1G/GaaM5YuqAQ/OWmywX6dNp9INJQR56bDs9z2lqYpxVkF0HzlR//3XsSO2Q4fjqS3pSzMNwsvWJqp50K3mcDLz4GGjuHWm8dBAqvoiqlBJfINltpSK/VG+y40xzTz6fZKyBkUj4UQ6y8r9gt5bZ0FcIBIqIlh kaluzhskikh.v@gmail.com"
            },
            "name": "ci-sockshop-docker-swarm-worker-0",
            "network_acceleration_type": "standard",
            "network_interface": [
              {
                "dns_record": [],
                "index": 0,
                "ip_address": "192.168.10.11",
                "ipv4": true,
                "ipv6": false,
                "ipv6_address": "",
                "ipv6_dns_record": [],
                "mac_address": "d0:0d:1e:ee:62:02",
                "nat": true,
                "nat_dns_record": [],
                "nat_ip_address": "51.250.2.8",
                "nat_ip_version": "IPV4",
                "security_group_ids": [],
                "subnet_id": "e9bkuav5tott9rjaquqb"
              }
            ],
            "placement_policy": [
              {
                "host_affinity_rules": [],
                "placement_group_id": ""
              }
            ],
            "platform_id": "standard-v1",
            "resources": [
              {
                "core_fraction": 100,
                "cores": 2,
                "gpus": 0,
                "memory": 2
              }
            ],
            "scheduling_policy": [
              {
                "preemptible": false
              }
            ],
            "secondary_disk": [],
            "service_account_id": "",
            "status": "running",
            "timeouts": null,
            "zone": "ru-central1-a"
          },
          "sensitive_attributes": [],
          "private": "eyJlMmJmYjczMC1lY2FhLTExZTYtOGY4OC0zNDM2M2JjN2M0YzAiOnsiY3JlYXRlIjozMDAwMDAwMDAwMDAsImRlbGV0ZSI6MzAwMDAwMDAwMDAwLCJ1cGRhdGUiOjMwMDAwMDAwMDAwMH0sInNjaGVtYV92ZXJzaW9uIjoiMSJ9",
          "dependencies": [
            "module.swarm_cluster.data.yandex_compute_image.my_image",
            "yandex_vpc_network.network",
            "yandex_vpc_subnet.subnet"
          ]
        },
        {
          "index_key": 1,
          "schema_version": 1,
          "attributes": {
            "allow_recreate": null,
            "allow_stopping_for_update": null,
            "boot_disk": [
              {
                "auto_delete": true,
                "device_name": "fhm6fbvrltmbqhhafmj5",
                "disk_id": "fhm6fbvrltmbqhhafmj5",
                "initialize_params": [
                  {
                    "block_size": 4096,
                    "description": "",
                    "image_id": "fd8snjpoq85qqv0mk9gi",
                    "name": "",
                    "size": 15,
                    "snapshot_id": "",
                    "type": "network-hdd"
                  }
                ],
                "mode": "READ_WRITE"
              }
            ],
            "created_at": "2023-02-27T17:58:26Z",
            "description": "",
            "folder_id": "b1g2dbf4td7db1lu2hmr",
            "fqdn": "worker-1.ru-central1.internal",
            "hostname": "worker-1",
            "id": "fhmqgv2m5vouada45l2h",
            "labels": {},
            "local_disk": [],
            "metadata": {
              "ssh-keys": "ubuntu:ssh-rsa AAAAB3NzaC1yc2EAAAADAQABAAABAQDLKQI1JNpoTuaPx/Yzz3r/gKGc692kbfy2wioKKRBW4ikelVkMtkGFCjBN3fbgOYIAS7orl7HGCJpHc0sfjmDwQAxr6JR3bxJbpzXu8gvL71EnEeSo1odV/hBTFXiQQilwVgsSWU41VHah8XVgo6U9Kvdfojqhq9UQPCuC1bgURhrGPfetAMncgY1G/GaaM5YuqAQ/OWmywX6dNp9INJQR56bDs9z2lqYpxVkF0HzlR//3XsSO2Q4fjqS3pSzMNwsvWJqp50K3mcDLz4GGjuHWm8dBAqvoiqlBJfINltpSK/VG+y40xzTz6fZKyBkUj4UQ6y8r9gt5bZ0FcIBIqIlh kaluzhskikh.v@gmail.com"
            },
            "name": "ci-sockshop-docker-swarm-worker-1",
            "network_acceleration_type": "standard",
            "network_interface": [
              {
                "dns_record": [],
                "index": 0,
                "ip_address": "192.168.10.20",
                "ipv4": true,
                "ipv6": false,
                "ipv6_address": "",
                "ipv6_dns_record": [],
                "mac_address": "d0:0d:1a:87:c5:62",
                "nat": true,
                "nat_dns_record": [],
                "nat_ip_address": "130.193.37.253",
                "nat_ip_version": "IPV4",
                "security_group_ids": [],
                "subnet_id": "e9bkuav5tott9rjaquqb"
              }
            ],
            "placement_policy": [
              {
                "host_affinity_rules": [],
                "placement_group_id": ""
              }
            ],
            "platform_id": "standard-v1",
            "resources": [
              {
                "core_fraction": 100,
                "cores": 2,
                "gpus": 0,
                "memory": 2
              }
            ],
            "scheduling_policy": [
              {
                "preemptible": false
              }
            ],
            "secondary_disk": [],
            "service_account_id": "",
            "status": "running",
            "timeouts": null,
            "zone": "ru-central1-a"
          },
          "sensitive_attributes": [],
          "private": "eyJlMmJmYjczMC1lY2FhLTExZTYtOGY4OC0zNDM2M2JjN2M0YzAiOnsiY3JlYXRlIjozMDAwMDAwMDAwMDAsImRlbGV0ZSI6MzAwMDAwMDAwMDAwLCJ1cGRhdGUiOjMwMDAwMDAwMDAwMH0sInNjaGVtYV92ZXJzaW9uIjoiMSJ9",
          "dependencies": [
            "module.swarm_cluster.data.yandex_compute_image.my_image",
            "yandex_vpc_network.network",
            "yandex_vpc_subnet.subnet"
          ]
        }
      ]
    }
  ],
  "check_results": null
}
